
Microsoft Visual Studio Solution File, Format Version 12.00
# Visual Studio Version 17
VisualStudioVersion = 17.3.32922.545
MinimumVisualStudioVersion = 10.0.40219.1
Project("{FAE04EC0-301F-11D3-BF4B-00C04F79EFBC}") = "MaximumNumberUsingGeneric", "MaximumNumberUsingGeneric.csproj", "{75844D1B-ADB2-4E36-AFF4-F021428C59E3}"
EndProject
Global
	GlobalSection(SolutionConfigurationPlatforms) = preSolution
		Debug|Any CPU = Debug|Any CPU
		Release|Any CPU = Release|Any CPU
	EndGlobalSection
	GlobalSection(ProjectConfigurationPlatforms) = postSolution
		{75844D1B-ADB2-4E36-AFF4-F021428C59E3}.Debug|Any CPU.ActiveCfg = Debug|Any CPU
		{75844D1B-ADB2-4E36-AFF4-F021428C59E3}.Debug|Any CPU.Build.0 = Debug|Any CPU
		{75844D1B-ADB2-4E36-AFF4-F021428C59E3}.Release|Any CPU.ActiveCfg = Release|Any CPU
		{75844D1B-ADB2-4E36-AFF4-F021428C59E3}.Release|Any CPU.Build.0 = Release|Any CPU
	EndGlobalSection
	GlobalSection(SolutionProperties) = preSolution
		HideSolutionNode = FALSE
	EndGlobalSection
	GlobalSection(ExtensibilityGlobals) = postSolution
		SolutionGuid = {47EC3E32-8CB9-4BEA-A445-95CD7547815D}
	EndGlobalSection
EndGlobal
